
Microsoft Visual Studio Solution File, Format Version 12.00
# Visual Studio 14
VisualStudioVersion = 14.0.24720.0
MinimumVisualStudioVersion = 10.0.40219.1
Project("{FAE04EC0-301F-11D3-BF4B-00C04F79EFBC}") = "BlueRose", "BlueRose\BlueRose.csproj", "{DC049B5A-733A-4137-AE58-2495517ECA2F}"
EndProject
Project("{FAE04EC0-301F-11D3-BF4B-00C04F79EFBC}") = "BlueRoseUpdate", "BlueRoseUpdate\BlueRoseUpdate.csproj", "{798F1669-354F-4ED1-AEE4-05C82314F00E}"
EndProject
Project("{FAE04EC0-301F-11D3-BF4B-00C04F79EFBC}") = "ZACKUpdater", "ZACKUpdater\ZACKUpdater.csproj", "{EF5CA42A-7D99-4F47-B6F1-7BD4532150D2}"
EndProject
Global
	GlobalSection(SolutionConfigurationPlatforms) = preSolution
		Debug|Any CPU = Debug|Any CPU
		Release|Any CPU = Release|Any CPU
	EndGlobalSection
	GlobalSection(ProjectConfigurationPlatforms) = postSolution
		{DC049B5A-733A-4137-AE58-2495517ECA2F}.Debug|Any CPU.ActiveCfg = Debug|Any CPU
		{DC049B5A-733A-4137-AE58-2495517ECA2F}.Debug|Any CPU.Build.0 = Debug|Any CPU
		{DC049B5A-733A-4137-AE58-2495517ECA2F}.Release|Any CPU.ActiveCfg = Release|Any CPU
		{DC049B5A-733A-4137-AE58-2495517ECA2F}.Release|Any CPU.Build.0 = Release|Any CPU
		{798F1669-354F-4ED1-AEE4-05C82314F00E}.Debug|Any CPU.ActiveCfg = Debug|Any CPU
		{798F1669-354F-4ED1-AEE4-05C82314F00E}.Debug|Any CPU.Build.0 = Debug|Any CPU
		{798F1669-354F-4ED1-AEE4-05C82314F00E}.Release|Any CPU.ActiveCfg = Release|Any CPU
		{798F1669-354F-4ED1-AEE4-05C82314F00E}.Release|Any CPU.Build.0 = Release|Any CPU
		{EF5CA42A-7D99-4F47-B6F1-7BD4532150D2}.Debug|Any CPU.ActiveCfg = Debug|Any CPU
		{EF5CA42A-7D99-4F47-B6F1-7BD4532150D2}.Debug|Any CPU.Build.0 = Debug|Any CPU
		{EF5CA42A-7D99-4F47-B6F1-7BD4532150D2}.Release|Any CPU.ActiveCfg = Release|Any CPU
		{EF5CA42A-7D99-4F47-B6F1-7BD4532150D2}.Release|Any CPU.Build.0 = Release|Any CPU
	EndGlobalSection
	GlobalSection(SolutionProperties) = preSolution
		HideSolutionNode = FALSE
	EndGlobalSection
EndGlobal
